
Microsoft Visual Studio Solution File, Format Version 12.00
# Visual Studio Version 17
VisualStudioVersion = 17.0.31903.59
MinimumVisualStudioVersion = 10.0.40219.1
Project("{FAE04EC0-301F-11D3-BF4B-00C04F79EFBC}") = "SmartphoneShop.Core", "SmartphoneShop.Core\SmartphoneShop.Core.csproj", "{723C4044-D660-4DF0-9AA7-C26BD0865AFF}"
EndProject
Project("{FAE04EC0-301F-11D3-BF4B-00C04F79EFBC}") = "SmartphoneShop.Infrastructure", "SmartphoneShop.Infrastructure\SmartphoneShop.Infrastructure.csproj", "{089CDADD-7025-4EBE-AF69-40594C9C6456}"
EndProject
Project("{FAE04EC0-301F-11D3-BF4B-00C04F79EFBC}") = "SmartphoneShop.Web", "SmartphoneShop.Web\SmartphoneShop.Web.csproj", "{360470FC-3B45-4BE5-9068-ABAAE6515394}"
EndProject
Global
	GlobalSection(SolutionConfigurationPlatforms) = preSolution
		Debug|Any CPU = Debug|Any CPU
		Debug|x64 = Debug|x64
		Debug|x86 = Debug|x86
		Release|Any CPU = Release|Any CPU
		Release|x64 = Release|x64
		Release|x86 = Release|x86
	EndGlobalSection
	GlobalSection(ProjectConfigurationPlatforms) = postSolution
		{723C4044-D660-4DF0-9AA7-C26BD0865AFF}.Debug|Any CPU.ActiveCfg = Debug|Any CPU
		{723C4044-D660-4DF0-9AA7-C26BD0865AFF}.Debug|Any CPU.Build.0 = Debug|Any CPU
		{723C4044-D660-4DF0-9AA7-C26BD0865AFF}.Debug|x64.ActiveCfg = Debug|Any CPU
		{723C4044-D660-4DF0-9AA7-C26BD0865AFF}.Debug|x64.Build.0 = Debug|Any CPU
		{723C4044-D660-4DF0-9AA7-C26BD0865AFF}.Debug|x86.ActiveCfg = Debug|Any CPU
		{723C4044-D660-4DF0-9AA7-C26BD0865AFF}.Debug|x86.Build.0 = Debug|Any CPU
		{723C4044-D660-4DF0-9AA7-C26BD0865AFF}.Release|Any CPU.ActiveCfg = Release|Any CPU
		{723C4044-D660-4DF0-9AA7-C26BD0865AFF}.Release|Any CPU.Build.0 = Release|Any CPU
		{723C4044-D660-4DF0-9AA7-C26BD0865AFF}.Release|x64.ActiveCfg = Release|Any CPU
		{723C4044-D660-4DF0-9AA7-C26BD0865AFF}.Release|x64.Build.0 = Release|Any CPU
		{723C4044-D660-4DF0-9AA7-C26BD0865AFF}.Release|x86.ActiveCfg = Release|Any CPU
		{723C4044-D660-4DF0-9AA7-C26BD0865AFF}.Release|x86.Build.0 = Release|Any CPU
		{089CDADD-7025-4EBE-AF69-40594C9C6456}.Debug|Any CPU.ActiveCfg = Debug|Any CPU
		{089CDADD-7025-4EBE-AF69-40594C9C6456}.Debug|Any CPU.Build.0 = Debug|Any CPU
		{089CDADD-7025-4EBE-AF69-40594C9C6456}.Debug|x64.ActiveCfg = Debug|Any CPU
		{089CDADD-7025-4EBE-AF69-40594C9C6456}.Debug|x64.Build.0 = Debug|Any CPU
		{089CDADD-7025-4EBE-AF69-40594C9C6456}.Debug|x86.ActiveCfg = Debug|Any CPU
		{089CDADD-7025-4EBE-AF69-40594C9C6456}.Debug|x86.Build.0 = Debug|Any CPU
		{089CDADD-7025-4EBE-AF69-40594C9C6456}.Release|Any CPU.ActiveCfg = Release|Any CPU
		{089CDADD-7025-4EBE-AF69-40594C9C6456}.Release|Any CPU.Build.0 = Release|Any CPU
		{089CDADD-7025-4EBE-AF69-40594C9C6456}.Release|x64.ActiveCfg = Release|Any CPU
		{089CDADD-7025-4EBE-AF69-40594C9C6456}.Release|x64.Build.0 = Release|Any CPU
		{089CDADD-7025-4EBE-AF69-40594C9C6456}.Release|x86.ActiveCfg = Release|Any CPU
		{089CDADD-7025-4EBE-AF69-40594C9C6456}.Release|x86.Build.0 = Release|Any CPU
		{360470FC-3B45-4BE5-9068-ABAAE6515394}.Debug|Any CPU.ActiveCfg = Debug|Any CPU
		{360470FC-3B45-4BE5-9068-ABAAE6515394}.Debug|Any CPU.Build.0 = Debug|Any CPU
		{360470FC-3B45-4BE5-9068-ABAAE6515394}.Debug|x64.ActiveCfg = Debug|Any CPU
		{360470FC-3B45-4BE5-9068-ABAAE6515394}.Debug|x64.Build.0 = Debug|Any CPU
		{360470FC-3B45-4BE5-9068-ABAAE6515394}.Debug|x86.ActiveCfg = Debug|Any CPU
		{360470FC-3B45-4BE5-9068-ABAAE6515394}.Debug|x86.Build.0 = Debug|Any CPU
		{360470FC-3B45-4BE5-9068-ABAAE6515394}.Release|Any CPU.ActiveCfg = Release|Any CPU
		{360470FC-3B45-4BE5-9068-ABAAE6515394}.Release|Any CPU.Build.0 = Release|Any CPU
		{360470FC-3B45-4BE5-9068-ABAAE6515394}.Release|x64.ActiveCfg = Release|Any CPU
		{360470FC-3B45-4BE5-9068-ABAAE6515394}.Release|x64.Build.0 = Release|Any CPU
		{360470FC-3B45-4BE5-9068-ABAAE6515394}.Release|x86.ActiveCfg = Release|Any CPU
		{360470FC-3B45-4BE5-9068-ABAAE6515394}.Release|x86.Build.0 = Release|Any CPU
	EndGlobalSection
	GlobalSection(SolutionProperties) = preSolution
		HideSolutionNode = FALSE
	EndGlobalSection
EndGlobal
